
Microsoft Visual Studio Solution File, Format Version 12.00
Project("{FAE04EC0-301F-11D3-BF4B-00C04F79EFBC}") = "Fabrikam.Api", "Fabrikam.Api\Fabrikam.Api.csproj", "{9C189512-B77E-458F-A7B8-459744FA3D9B}"
EndProject
Global
	GlobalSection(SolutionConfigurationPlatforms) = preSolution
		Debug|Any CPU = Debug|Any CPU
		Release|Any CPU = Release|Any CPU
	EndGlobalSection
	GlobalSection(ProjectConfigurationPlatforms) = postSolution
		{9C189512-B77E-458F-A7B8-459744FA3D9B}.Debug|Any CPU.ActiveCfg = Debug|Any CPU
		{9C189512-B77E-458F-A7B8-459744FA3D9B}.Debug|Any CPU.Build.0 = Debug|Any CPU
		{9C189512-B77E-458F-A7B8-459744FA3D9B}.Release|Any CPU.ActiveCfg = Release|Any CPU
		{9C189512-B77E-458F-A7B8-459744FA3D9B}.Release|Any CPU.Build.0 = Release|Any CPU
	EndGlobalSection
EndGlobal
